
Microsoft Visual Studio Solution File, Format Version 11.00
# Visual Studio 2010
Project("{FAE04EC0-301F-11D3-BF4B-00C04F79EFBC}") = "Wallboard", "Wallboard.csproj", "{D016EA41-69D4-46CA-86F5-CD71E35B1960}"
EndProject
Global
	GlobalSection(TeamFoundationVersionControl) = preSolution
		SccNumberOfProjects = 2
		SccEnterpriseProvider = {4CA58AB2-18FA-4F8D-95D4-32DDF27D184C}
		SccTeamFoundationServer = http://12.200.157.98:1088/tfs/defaultcollection
		SccLocalPath0 = .
		SccProjectUniqueName1 = Wallboard.csproj
		SccLocalPath1 = .
	EndGlobalSection
	GlobalSection(SolutionConfigurationPlatforms) = preSolution
		Debug|Any CPU = Debug|Any CPU
		Release|Any CPU = Release|Any CPU
	EndGlobalSection
	GlobalSection(ProjectConfigurationPlatforms) = postSolution
		{D016EA41-69D4-46CA-86F5-CD71E35B1960}.Debug|Any CPU.ActiveCfg = Debug|Any CPU
		{D016EA41-69D4-46CA-86F5-CD71E35B1960}.Debug|Any CPU.Build.0 = Debug|Any CPU
		{D016EA41-69D4-46CA-86F5-CD71E35B1960}.Release|Any CPU.ActiveCfg = Release|Any CPU
		{D016EA41-69D4-46CA-86F5-CD71E35B1960}.Release|Any CPU.Build.0 = Release|Any CPU
	EndGlobalSection
	GlobalSection(SolutionProperties) = preSolution
		HideSolutionNode = FALSE
	EndGlobalSection
EndGlobal
